{
  "name": "Proyecto_GPS",
  "lockfileVersion": 3,
  "requires": true,
  "packages": {
    "": {
      "dependencies": {
        "sticky-notes": "^1.0.0"
      }
    },
    "node_modules/sticky-notes": {
      "version": "1.0.0",
      "resolved": "https://registry.npmjs.org/sticky-notes/-/sticky-notes-1.0.0.tgz",
      "integrity": "sha512-TsHF2tDTe2uoC4EbYNvPzbi35Cs89xIIjGg4ksPoQ5clUv2TIpY/ho+ddP9laSaaM9InaVtnSm9APQPxh6V84w==",
      "license": "ISC"
    }
  }
}
